
Microsoft Visual Studio Solution File, Format Version 12.00
# Visual Studio Version 16
VisualStudioVersion = 16.0.31129.286
MinimumVisualStudioVersion = 10.0.40219.1
Project("{FAE04EC0-301F-11D3-BF4B-00C04F79EFBC}") = "MirroredEngines", "MirroredEngines\MirroredEngines.csproj", "{FCE977F1-5274-4EAF-B1E1-CDDCAA862C4D}"
EndProject
Global
	GlobalSection(SolutionConfigurationPlatforms) = preSolution
		Debug|Any CPU = Debug|Any CPU
		Release|Any CPU = Release|Any CPU
	EndGlobalSection
	GlobalSection(ProjectConfigurationPlatforms) = postSolution
		{FCE977F1-5274-4EAF-B1E1-CDDCAA862C4D}.Debug|Any CPU.ActiveCfg = Debug|Any CPU
		{FCE977F1-5274-4EAF-B1E1-CDDCAA862C4D}.Debug|Any CPU.Build.0 = Debug|Any CPU
		{FCE977F1-5274-4EAF-B1E1-CDDCAA862C4D}.Release|Any CPU.ActiveCfg = Release|Any CPU
		{FCE977F1-5274-4EAF-B1E1-CDDCAA862C4D}.Release|Any CPU.Build.0 = Release|Any CPU
	EndGlobalSection
	GlobalSection(SolutionProperties) = preSolution
		HideSolutionNode = FALSE
	EndGlobalSection
	GlobalSection(ExtensibilityGlobals) = postSolution
		SolutionGuid = {208AE294-72B6-4DD3-903B-92CE171EBB73}
	EndGlobalSection
EndGlobal
